// !$*UTF8*$!
{
	archiveVersion = 1;
	classes = {
	};
	objectVersion = 46;
	objects = {

/* Begin PBXBuildFile section */
		719CACF4B0937DF7726D4F5D /* libPods.a in Frameworks */ = {isa = PBXBuildFile; fileRef = 69603527E608342811FA2288 /* libPods.a */; };
		C090D0CA1D1AC2740051B7BC /* main.m in Sources */ = {isa = PBXBuildFile; fileRef = C090D0C91D1AC2740051B7BC /* main.m */; };
		C090D0CD1D1AC2740051B7BC /* AppDelegate.m in Sources */ = {isa = PBXBuildFile; fileRef = C090D0CC1D1AC2740051B7BC /* AppDelegate.m */; };
		C090D0D01D1AC2740051B7BC /* FirstViewController.m in Sources */ = {isa = PBXBuildFile; fileRef = C090D0CF1D1AC2740051B7BC /* FirstViewController.m */; };
		C090D0D31D1AC2740051B7BC /* Main.storyboard in Resources */ = {isa = PBXBuildFile; fileRef = C090D0D11D1AC2740051B7BC /* Main.storyboard */; };
		C090D0D51D1AC2740051B7BC /* Assets.xcassets in Resources */ = {isa = PBXBuildFile; fileRef = C090D0D41D1AC2740051B7BC /* Assets.xcassets */; };
		C090D0D81D1AC2740051B7BC /* LaunchScreen.storyboard in Resources */ = {isa = PBXBuildFile; fileRef = C090D0D61D1AC2740051B7BC /* LaunchScreen.storyboard */; };
		C090D0E31D1AC2740051B7BC /* MobileFrameworkTests.m in Sources */ = {isa = PBXBuildFile; fileRef = C090D0E21D1AC2740051B7BC /* MobileFrameworkTests.m */; };
		C090D0EE1D1AC2740051B7BC /* MobileFrameworkUITests.m in Sources */ = {isa = PBXBuildFile; fileRef = C090D0ED1D1AC2740051B7BC /* MobileFrameworkUITests.m */; };
		C0D91C691D7FEE5B005BFFC7 /* RootNavigationController.m in Sources */ = {isa = PBXBuildFile; fileRef = C0D91C681D7FEE5B005BFFC7 /* RootNavigationController.m */; };
		C0D91C6D1D7FEEB0005BFFC7 /* BaseViewController.m in Sources */ = {isa = PBXBuildFile; fileRef = C0D91C6C1D7FEEB0005BFFC7 /* BaseViewController.m */; };
		C0D91C701D7FEEBE005BFFC7 /* RootTabbarController.m in Sources */ = {isa = PBXBuildFile; fileRef = C0D91C6F1D7FEEBE005BFFC7 /* RootTabbarController.m */; };
		C0D91C741D7FF102005BFFC7 /* SecondViewController.m in Sources */ = {isa = PBXBuildFile; fileRef = C0D91C731D7FF102005BFFC7 /* SecondViewController.m */; };
		C0D91C771D7FF14F005BFFC7 /* ThirdViewController.m in Sources */ = {isa = PBXBuildFile; fileRef = C0D91C761D7FF14F005BFFC7 /* ThirdViewController.m */; };
		C0D91C7A1D7FF19B005BFFC7 /* FourthViewController.m in Sources */ = {isa = PBXBuildFile; fileRef = C0D91C791D7FF19B005BFFC7 /* FourthViewController.m */; };
		C0D91C8C1D7FF2DE005BFFC7 /* UIButton+EdgeInsets.m in Sources */ = {isa = PBXBuildFile; fileRef = C0D91C7D1D7FF2DE005BFFC7 /* UIButton+EdgeInsets.m */; };
		C0D91C8D1D7FF2DE005BFFC7 /* UIButton+EnlargeEdge.m in Sources */ = {isa = PBXBuildFile; fileRef = C0D91C7F1D7FF2DE005BFFC7 /* UIButton+EnlargeEdge.m */; };
		C0D91C8E1D7FF2DE005BFFC7 /* UIColor+Utility.m in Sources */ = {isa = PBXBuildFile; fileRef = C0D91C811D7FF2DE005BFFC7 /* UIColor+Utility.m */; };
		C0D91C8F1D7FF2DE005BFFC7 /* UIImage+help.m in Sources */ = {isa = PBXBuildFile; fileRef = C0D91C831D7FF2DE005BFFC7 /* UIImage+help.m */; };
		C0D91C901D7FF2DE005BFFC7 /* UIImage+Utility.m in Sources */ = {isa = PBXBuildFile; fileRef = C0D91C851D7FF2DE005BFFC7 /* UIImage+Utility.m */; };
		C0D91C911D7FF2DE005BFFC7 /* UILabel+Utility.m in Sources */ = {isa = PBXBuildFile; fileRef = C0D91C871D7FF2DE005BFFC7 /* UILabel+Utility.m */; };
		C0D91C921D7FF2DE005BFFC7 /* UIView+Tips.m in Sources */ = {isa = PBXBuildFile; fileRef = C0D91C891D7FF2DE005BFFC7 /* UIView+Tips.m */; };
		C0D91C931D7FF2DE005BFFC7 /* UIView+Utility.m in Sources */ = {isa = PBXBuildFile; fileRef = C0D91C8B1D7FF2DE005BFFC7 /* UIView+Utility.m */; };
		C0D91C981D7FF33C005BFFC7 /* NSDate+Utilities.m in Sources */ = {isa = PBXBuildFile; fileRef = C0D91C951D7FF33C005BFFC7 /* NSDate+Utilities.m */; };
		C0D91C991D7FF33C005BFFC7 /* NSString+Utility.m in Sources */ = {isa = PBXBuildFile; fileRef = C0D91C971D7FF33C005BFFC7 /* NSString+Utility.m */; };
		C0D91C9D1D7FF4B2005BFFC7 /* BaseParaManager.m in Sources */ = {isa = PBXBuildFile; fileRef = C0D91C9C1D7FF4B2005BFFC7 /* BaseParaManager.m */; };
		C0D91CA71D7FF925005BFFC7 /* BaseUIView.m in Sources */ = {isa = PBXBuildFile; fileRef = C0D91CA61D7FF925005BFFC7 /* BaseUIView.m */; };
/* End PBXBuildFile section */

/* Begin PBXContainerItemProxy section */
		C090D0DF1D1AC2740051B7BC /* PBXContainerItemProxy */ = {
			isa = PBXContainerItemProxy;
			containerPortal = C090D0BD1D1AC2740051B7BC /* Project object */;
			proxyType = 1;
			remoteGlobalIDString = C090D0C41D1AC2740051B7BC;
			remoteInfo = MobileFramework;
		};
		C090D0EA1D1AC2740051B7BC /* PBXContainerItemProxy */ = {
			isa = PBXContainerItemProxy;
			containerPortal = C090D0BD1D1AC2740051B7BC /* Project object */;
			proxyType = 1;
			remoteGlobalIDString = C090D0C41D1AC2740051B7BC;
			remoteInfo = MobileFramework;
		};
/* End PBXContainerItemProxy section */

/* Begin PBXFileReference section */
		3640AFFB515963682F091606 /* Pods.release.xcconfig */ = {isa = PBXFileReference; includeInIndex = 1; lastKnownFileType = text.xcconfig; name = Pods.release.xcconfig; path = "Pods/Target Support Files/Pods/Pods.release.xcconfig"; sourceTree = "<group>"; };
		69603527E608342811FA2288 /* libPods.a */ = {isa = PBXFileReference; explicitFileType = archive.ar; includeInIndex = 0; path = libPods.a; sourceTree = BUILT_PRODUCTS_DIR; };
		C090D0C51D1AC2740051B7BC /* MobileFramework.app */ = {isa = PBXFileReference; explicitFileType = wrapper.application; includeInIndex = 0; path = MobileFramework.app; sourceTree = BUILT_PRODUCTS_DIR; };
		C090D0C91D1AC2740051B7BC /* main.m */ = {isa = PBXFileReference; lastKnownFileType = sourcecode.c.objc; path = main.m; sourceTree = "<group>"; };
		C090D0CB1D1AC2740051B7BC /* AppDelegate.h */ = {isa = PBXFileReference; lastKnownFileType = sourcecode.c.h; path = AppDelegate.h; sourceTree = "<group>"; };
		C090D0CC1D1AC2740051B7BC /* AppDelegate.m */ = {isa = PBXFileReference; lastKnownFileType = sourcecode.c.objc; path = AppDelegate.m; sourceTree = "<group>"; };
		C090D0CE1D1AC2740051B7BC /* FirstViewController.h */ = {isa = PBXFileReference; lastKnownFileType = sourcecode.c.h; path = FirstViewController.h; sourceTree = "<group>"; };
		C090D0CF1D1AC2740051B7BC /* FirstViewController.m */ = {isa = PBXFileReference; lastKnownFileType = sourcecode.c.objc; path = FirstViewController.m; sourceTree = "<group>"; };
		C090D0D21D1AC2740051B7BC /* Base */ = {isa = PBXFileReference; lastKnownFileType = file.storyboard; name = Base; path = Base.lproj/Main.storyboard; sourceTree = "<group>"; };
		C090D0D41D1AC2740051B7BC /* Assets.xcassets */ = {isa = PBXFileReference; lastKnownFileType = folder.assetcatalog; path = Assets.xcassets; sourceTree = "<group>"; };
		C090D0D71D1AC2740051B7BC /* Base */ = {isa = PBXFileReference; lastKnownFileType = file.storyboard; name = Base; path = Base.lproj/LaunchScreen.storyboard; sourceTree = "<group>"; };
		C090D0D91D1AC2740051B7BC /* Info.plist */ = {isa = PBXFileReference; lastKnownFileType = text.plist.xml; path = Info.plist; sourceTree = "<group>"; };
		C090D0DE1D1AC2740051B7BC /* MobileFrameworkTests.xctest */ = {isa = PBXFileReference; explicitFileType = wrapper.cfbundle; includeInIndex = 0; path = MobileFrameworkTests.xctest; sourceTree = BUILT_PRODUCTS_DIR; };
		C090D0E21D1AC2740051B7BC /* MobileFrameworkTests.m */ = {isa = PBXFileReference; lastKnownFileType = sourcecode.c.objc; path = MobileFrameworkTests.m; sourceTree = "<group>"; };
		C090D0E41D1AC2740051B7BC /* Info.plist */ = {isa = PBXFileReference; lastKnownFileType = text.plist.xml; path = Info.plist; sourceTree = "<group>"; };
		C090D0E91D1AC2740051B7BC /* MobileFrameworkUITests.xctest */ = {isa = PBXFileReference; explicitFileType = wrapper.cfbundle; includeInIndex = 0; path = MobileFrameworkUITests.xctest; sourceTree = BUILT_PRODUCTS_DIR; };
		C090D0ED1D1AC2740051B7BC /* MobileFrameworkUITests.m */ = {isa = PBXFileReference; lastKnownFileType = sourcecode.c.objc; path = MobileFrameworkUITests.m; sourceTree = "<group>"; };
		C090D0EF1D1AC2740051B7BC /* Info.plist */ = {isa = PBXFileReference; lastKnownFileType = text.plist.xml; path = Info.plist; sourceTree = "<group>"; };
		C0D91C671D7FEE5B005BFFC7 /* RootNavigationController.h */ = {isa = PBXFileReference; fileEncoding = 4; lastKnownFileType = sourcecode.c.h; path = RootNavigationController.h; sourceTree = "<group>"; };
		C0D91C681D7FEE5B005BFFC7 /* RootNavigationController.m */ = {isa = PBXFileReference; fileEncoding = 4; lastKnownFileType = sourcecode.c.objc; path = RootNavigationController.m; sourceTree = "<group>"; };
		C0D91C6B1D7FEEB0005BFFC7 /* BaseViewController.h */ = {isa = PBXFileReference; fileEncoding = 4; lastKnownFileType = sourcecode.c.h; path = BaseViewController.h; sourceTree = "<group>"; };
		C0D91C6C1D7FEEB0005BFFC7 /* BaseViewController.m */ = {isa = PBXFileReference; fileEncoding = 4; lastKnownFileType = sourcecode.c.objc; path = BaseViewController.m; sourceTree = "<group>"; };
		C0D91C6E1D7FEEBE005BFFC7 /* RootTabbarController.h */ = {isa = PBXFileReference; fileEncoding = 4; lastKnownFileType = sourcecode.c.h; path = RootTabbarController.h; sourceTree = "<group>"; };
		C0D91C6F1D7FEEBE005BFFC7 /* RootTabbarController.m */ = {isa = PBXFileReference; fileEncoding = 4; lastKnownFileType = sourcecode.c.objc; path = RootTabbarController.m; sourceTree = "<group>"; };
		C0D91C711D7FEF25005BFFC7 /* PrefixHeader.pch */ = {isa = PBXFileReference; lastKnownFileType = sourcecode.c.h; path = PrefixHeader.pch; sourceTree = "<group>"; };
		C0D91C721D7FF102005BFFC7 /* SecondViewController.h */ = {isa = PBXFileReference; fileEncoding = 4; lastKnownFileType = sourcecode.c.h; path = SecondViewController.h; sourceTree = "<group>"; };
		C0D91C731D7FF102005BFFC7 /* SecondViewController.m */ = {isa = PBXFileReference; fileEncoding = 4; lastKnownFileType = sourcecode.c.objc; path = SecondViewController.m; sourceTree = "<group>"; };
		C0D91C751D7FF14F005BFFC7 /* ThirdViewController.h */ = {isa = PBXFileReference; fileEncoding = 4; lastKnownFileType = sourcecode.c.h; path = ThirdViewController.h; sourceTree = "<group>"; };
		C0D91C761D7FF14F005BFFC7 /* ThirdViewController.m */ = {isa = PBXFileReference; fileEncoding = 4; lastKnownFileType = sourcecode.c.objc; path = ThirdViewController.m; sourceTree = "<group>"; };
		C0D91C781D7FF19B005BFFC7 /* FourthViewController.h */ = {isa = PBXFileReference; fileEncoding = 4; lastKnownFileType = sourcecode.c.h; path = FourthViewController.h; sourceTree = "<group>"; };
		C0D91C791D7FF19B005BFFC7 /* FourthViewController.m */ = {isa = PBXFileReference; fileEncoding = 4; lastKnownFileType = sourcecode.c.objc; path = FourthViewController.m; sourceTree = "<group>"; };
		C0D91C7C1D7FF2DE005BFFC7 /* UIButton+EdgeInsets.h */ = {isa = PBXFileReference; fileEncoding = 4; lastKnownFileType = sourcecode.c.h; path = "UIButton+EdgeInsets.h"; sourceTree = "<group>"; };
		C0D91C7D1D7FF2DE005BFFC7 /* UIButton+EdgeInsets.m */ = {isa = PBXFileReference; fileEncoding = 4; lastKnownFileType = sourcecode.c.objc; path = "UIButton+EdgeInsets.m"; sourceTree = "<group>"; };
		C0D91C7E1D7FF2DE005BFFC7 /* UIButton+EnlargeEdge.h */ = {isa = PBXFileReference; fileEncoding = 4; lastKnownFileType = sourcecode.c.h; path = "UIButton+EnlargeEdge.h"; sourceTree = "<group>"; };
		C0D91C7F1D7FF2DE005BFFC7 /* UIButton+EnlargeEdge.m */ = {isa = PBXFileReference; fileEncoding = 4; lastKnownFileType = sourcecode.c.objc; path = "UIButton+EnlargeEdge.m"; sourceTree = "<group>"; };
		C0D91C801D7FF2DE005BFFC7 /* UIColor+Utility.h */ = {isa = PBXFileReference; fileEncoding = 4; lastKnownFileType = sourcecode.c.h; path = "UIColor+Utility.h"; sourceTree = "<group>"; };
		C0D91C811D7FF2DE005BFFC7 /* UIColor+Utility.m */ = {isa = PBXFileReference; fileEncoding = 4; lastKnownFileType = sourcecode.c.objc; path = "UIColor+Utility.m"; sourceTree = "<group>"; };
		C0D91C821D7FF2DE005BFFC7 /* UIImage+help.h */ = {isa = PBXFileReference; fileEncoding = 4; lastKnownFileType = sourcecode.c.h; path = "UIImage+help.h"; sourceTree = "<group>"; };
		C0D91C831D7FF2DE005BFFC7 /* UIImage+help.m */ = {isa = PBXFileReference; fileEncoding = 4; lastKnownFileType = sourcecode.c.objc; path = "UIImage+help.m"; sourceTree = "<group>"; };
		C0D91C841D7FF2DE005BFFC7 /* UIImage+Utility.h */ = {isa = PBXFileReference; fileEncoding = 4; lastKnownFileType = sourcecode.c.h; path = "UIImage+Utility.h"; sourceTree = "<group>"; };
		C0D91C851D7FF2DE005BFFC7 /* UIImage+Utility.m */ = {isa = PBXFileReference; fileEncoding = 4; lastKnownFileType = sourcecode.c.objc; path = "UIImage+Utility.m"; sourceTree = "<group>"; };
		C0D91C861D7FF2DE005BFFC7 /* UILabel+Utility.h */ = {isa = PBXFileReference; fileEncoding = 4; lastKnownFileType = sourcecode.c.h; path = "UILabel+Utility.h"; sourceTree = "<group>"; };
		C0D91C871D7FF2DE005BFFC7 /* UILabel+Utility.m */ = {isa = PBXFileReference; fileEncoding = 4; lastKnownFileType = sourcecode.c.objc; path = "UILabel+Utility.m"; sourceTree = "<group>"; };
		C0D91C881D7FF2DE005BFFC7 /* UIView+Tips.h */ = {isa = PBXFileReference; fileEncoding = 4; lastKnownFileType = sourcecode.c.h; path = "UIView+Tips.h"; sourceTree = "<group>"; };
		C0D91C891D7FF2DE005BFFC7 /* UIView+Tips.m */ = {isa = PBXFileReference; fileEncoding = 4; lastKnownFileType = sourcecode.c.objc; path = "UIView+Tips.m"; sourceTree = "<group>"; };
		C0D91C8A1D7FF2DE005BFFC7 /* UIView+Utility.h */ = {isa = PBXFileReference; fileEncoding = 4; lastKnownFileType = sourcecode.c.h; path = "UIView+Utility.h"; sourceTree = "<group>"; };
		C0D91C8B1D7FF2DE005BFFC7 /* UIView+Utility.m */ = {isa = PBXFileReference; fileEncoding = 4; lastKnownFileType = sourcecode.c.objc; path = "UIView+Utility.m"; sourceTree = "<group>"; };
		C0D91C941D7FF33C005BFFC7 /* NSDate+Utilities.h */ = {isa = PBXFileReference; fileEncoding = 4; lastKnownFileType = sourcecode.c.h; path = "NSDate+Utilities.h"; sourceTree = "<group>"; };
		C0D91C951D7FF33C005BFFC7 /* NSDate+Utilities.m */ = {isa = PBXFileReference; fileEncoding = 4; lastKnownFileType = sourcecode.c.objc; path = "NSDate+Utilities.m"; sourceTree = "<group>"; };
		C0D91C961D7FF33C005BFFC7 /* NSString+Utility.h */ = {isa = PBXFileReference; fileEncoding = 4; lastKnownFileType = sourcecode.c.h; path = "NSString+Utility.h"; sourceTree = "<group>"; };
		C0D91C971D7FF33C005BFFC7 /* NSString+Utility.m */ = {isa = PBXFileReference; fileEncoding = 4; lastKnownFileType = sourcecode.c.objc; path = "NSString+Utility.m"; sourceTree = "<group>"; };
		C0D91C9A1D7FF38E005BFFC7 /* UtilContant.h */ = {isa = PBXFileReference; fileEncoding = 4; lastKnownFileType = sourcecode.c.h; path = UtilContant.h; sourceTree = "<group>"; };
		C0D91C9B1D7FF4B2005BFFC7 /* BaseParaManager.h */ = {isa = PBXFileReference; fileEncoding = 4; lastKnownFileType = sourcecode.c.h; path = BaseParaManager.h; sourceTree = "<group>"; };
		C0D91C9C1D7FF4B2005BFFC7 /* BaseParaManager.m */ = {isa = PBXFileReference; fileEncoding = 4; lastKnownFileType = sourcecode.c.objc; path = BaseParaManager.m; sourceTree = "<group>"; };
		C0D91CA51D7FF925005BFFC7 /* BaseUIView.h */ = {isa = PBXFileReference; fileEncoding = 4; lastKnownFileType = sourcecode.c.h; path = BaseUIView.h; sourceTree = "<group>"; };
		C0D91CA61D7FF925005BFFC7 /* BaseUIView.m */ = {isa = PBXFileReference; fileEncoding = 4; lastKnownFileType = sourcecode.c.objc; path = BaseUIView.m; sourceTree = "<group>"; };
		FA924D10D5975BE211E1D37F /* Pods.debug.xcconfig */ = {isa = PBXFileReference; includeInIndex = 1; lastKnownFileType = text.xcconfig; name = Pods.debug.xcconfig; path = "Pods/Target Support Files/Pods/Pods.debug.xcconfig"; sourceTree = "<group>"; };
/* End PBXFileReference section */

/* Begin PBXFrameworksBuildPhase section */
		C090D0C21D1AC2740051B7BC /* Frameworks */ = {
			isa = PBXFrameworksBuildPhase;
			buildActionMask = 2147483647;
			files = (
				719CACF4B0937DF7726D4F5D /* libPods.a in Frameworks */,
			);
			runOnlyForDeploymentPostprocessing = 0;
		};
		C090D0DB1D1AC2740051B7BC /* Frameworks */ = {
			isa = PBXFrameworksBuildPhase;
			buildActionMask = 2147483647;
			files = (
			);
			runOnlyForDeploymentPostprocessing = 0;
		};
		C090D0E61D1AC2740051B7BC /* Frameworks */ = {
			isa = PBXFrameworksBuildPhase;
			buildActionMask = 2147483647;
			files = (
			);
			runOnlyForDeploymentPostprocessing = 0;
		};
/* End PBXFrameworksBuildPhase section */

/* Begin PBXGroup section */
		2AA2B049B181E2E6AB84F5D0 /* Pods */ = {
			isa = PBXGroup;
			children = (
				FA924D10D5975BE211E1D37F /* Pods.debug.xcconfig */,
				3640AFFB515963682F091606 /* Pods.release.xcconfig */,
			);
			name = Pods;
			sourceTree = "<group>";
		};
		3BE8144C22583F28CC03E293 /* Frameworks */ = {
			isa = PBXGroup;
			children = (
				69603527E608342811FA2288 /* libPods.a */,
			);
			name = Frameworks;
			sourceTree = "<group>";
		};
		C090D0BC1D1AC2740051B7BC = {
			isa = PBXGroup;
			children = (
				C0D91C711D7FEF25005BFFC7 /* PrefixHeader.pch */,
				C090D0C71D1AC2740051B7BC /* MobileFramework */,
				C090D0E11D1AC2740051B7BC /* MobileFrameworkTests */,
				C090D0EC1D1AC2740051B7BC /* MobileFrameworkUITests */,
				C090D0C61D1AC2740051B7BC /* Products */,
				2AA2B049B181E2E6AB84F5D0 /* Pods */,
				3BE8144C22583F28CC03E293 /* Frameworks */,
			);
			sourceTree = "<group>";
		};
		C090D0C61D1AC2740051B7BC /* Products */ = {
			isa = PBXGroup;
			children = (
				C090D0C51D1AC2740051B7BC /* MobileFramework.app */,
				C090D0DE1D1AC2740051B7BC /* MobileFrameworkTests.xctest */,
				C090D0E91D1AC2740051B7BC /* MobileFrameworkUITests.xctest */,
			);
			name = Products;
			sourceTree = "<group>";
		};
		C090D0C71D1AC2740051B7BC /* MobileFramework */ = {
			isa = PBXGroup;
			children = (
				C090D0CB1D1AC2740051B7BC /* AppDelegate.h */,
				C090D0CC1D1AC2740051B7BC /* AppDelegate.m */,
				C090D0CE1D1AC2740051B7BC /* FirstViewController.h */,
				C090D0CF1D1AC2740051B7BC /* FirstViewController.m */,
				C0D91C721D7FF102005BFFC7 /* SecondViewController.h */,
				C0D91C731D7FF102005BFFC7 /* SecondViewController.m */,
				C0D91C751D7FF14F005BFFC7 /* ThirdViewController.h */,
				C0D91C761D7FF14F005BFFC7 /* ThirdViewController.m */,
				C0D91C781D7FF19B005BFFC7 /* FourthViewController.h */,
				C0D91C791D7FF19B005BFFC7 /* FourthViewController.m */,
				C0D91C7B1D7FF2B8005BFFC7 /* Category */,
				C0D91C6A1D7FEE62005BFFC7 /* Base */,
				C090D0D11D1AC2740051B7BC /* Main.storyboard */,
				C090D0D41D1AC2740051B7BC /* Assets.xcassets */,
				C090D0D61D1AC2740051B7BC /* LaunchScreen.storyboard */,
				C090D0D91D1AC2740051B7BC /* Info.plist */,
				C090D0C81D1AC2740051B7BC /* Supporting Files */,
			);
			path = MobileFramework;
			sourceTree = "<group>";
		};
		C090D0C81D1AC2740051B7BC /* Supporting Files */ = {
			isa = PBXGroup;
			children = (
				C090D0C91D1AC2740051B7BC /* main.m */,
			);
			name = "Supporting Files";
			sourceTree = "<group>";
		};
		C090D0E11D1AC2740051B7BC /* MobileFrameworkTests */ = {
			isa = PBXGroup;
			children = (
				C090D0E21D1AC2740051B7BC /* MobileFrameworkTests.m */,
				C090D0E41D1AC2740051B7BC /* Info.plist */,
			);
			path = MobileFrameworkTests;
			sourceTree = "<group>";
		};
		C090D0EC1D1AC2740051B7BC /* MobileFrameworkUITests */ = {
			isa = PBXGroup;
			children = (
				C090D0ED1D1AC2740051B7BC /* MobileFrameworkUITests.m */,
				C090D0EF1D1AC2740051B7BC /* Info.plist */,
			);
			path = MobileFrameworkUITests;
			sourceTree = "<group>";
		};
		C0D91C6A1D7FEE62005BFFC7 /* Base */ = {
			isa = PBXGroup;
			children = (
				C0D91CA51D7FF925005BFFC7 /* BaseUIView.h */,
				C0D91CA61D7FF925005BFFC7 /* BaseUIView.m */,
				C0D91C671D7FEE5B005BFFC7 /* RootNavigationController.h */,
				C0D91C681D7FEE5B005BFFC7 /* RootNavigationController.m */,
				C0D91C6B1D7FEEB0005BFFC7 /* BaseViewController.h */,
				C0D91C6C1D7FEEB0005BFFC7 /* BaseViewController.m */,
				C0D91C6E1D7FEEBE005BFFC7 /* RootTabbarController.h */,
				C0D91C6F1D7FEEBE005BFFC7 /* RootTabbarController.m */,
			);
			name = Base;
			sourceTree = "<group>";
		};
		C0D91C7B1D7FF2B8005BFFC7 /* Category */ = {
			isa = PBXGroup;
			children = (
				C0D91C7C1D7FF2DE005BFFC7 /* UIButton+EdgeInsets.h */,
				C0D91C7D1D7FF2DE005BFFC7 /* UIButton+EdgeInsets.m */,
				C0D91C7E1D7FF2DE005BFFC7 /* UIButton+EnlargeEdge.h */,
				C0D91C7F1D7FF2DE005BFFC7 /* UIButton+EnlargeEdge.m */,
				C0D91C801D7FF2DE005BFFC7 /* UIColor+Utility.h */,
				C0D91C811D7FF2DE005BFFC7 /* UIColor+Utility.m */,
				C0D91C9B1D7FF4B2005BFFC7 /* BaseParaManager.h */,
				C0D91C9C1D7FF4B2005BFFC7 /* BaseParaManager.m */,
				C0D91C821D7FF2DE005BFFC7 /* UIImage+help.h */,
				C0D91C831D7FF2DE005BFFC7 /* UIImage+help.m */,
				C0D91C841D7FF2DE005BFFC7 /* UIImage+Utility.h */,
				C0D91C851D7FF2DE005BFFC7 /* UIImage+Utility.m */,
				C0D91C861D7FF2DE005BFFC7 /* UILabel+Utility.h */,
				C0D91C871D7FF2DE005BFFC7 /* UILabel+Utility.m */,
				C0D91C881D7FF2DE005BFFC7 /* UIView+Tips.h */,
				C0D91C891D7FF2DE005BFFC7 /* UIView+Tips.m */,
				C0D91C8A1D7FF2DE005BFFC7 /* UIView+Utility.h */,
				C0D91C8B1D7FF2DE005BFFC7 /* UIView+Utility.m */,
				C0D91C941D7FF33C005BFFC7 /* NSDate+Utilities.h */,
				C0D91C951D7FF33C005BFFC7 /* NSDate+Utilities.m */,
				C0D91C961D7FF33C005BFFC7 /* NSString+Utility.h */,
				C0D91C971D7FF33C005BFFC7 /* NSString+Utility.m */,
				C0D91C9A1D7FF38E005BFFC7 /* UtilContant.h */,
			);
			name = Category;
			sourceTree = "<group>";
		};
/* End PBXGroup section */

/* Begin PBXNativeTarget section */
		C090D0C41D1AC2740051B7BC /* MobileFramework */ = {
			isa = PBXNativeTarget;
			buildConfigurationList = C090D0F21D1AC2740051B7BC /* Build configuration list for PBXNativeTarget "MobileFramework" */;
			buildPhases = (
				A4EC66E4D9C9D8015DCC5890 /* Check Pods Manifest.lock */,
				C090D0C11D1AC2740051B7BC /* Sources */,
				C090D0C21D1AC2740051B7BC /* Frameworks */,
				C090D0C31D1AC2740051B7BC /* Resources */,
				7675F01010EE16D7B01A6B0B /* Embed Pods Frameworks */,
				608566381BE30F751A857DFC /* Copy Pods Resources */,
			);
			buildRules = (
			);
			dependencies = (
			);
			name = MobileFramework;
			productName = MobileFramework;
			productReference = C090D0C51D1AC2740051B7BC /* MobileFramework.app */;
			productType = "com.apple.product-type.application";
		};
		C090D0DD1D1AC2740051B7BC /* MobileFrameworkTests */ = {
			isa = PBXNativeTarget;
			buildConfigurationList = C090D0F51D1AC2740051B7BC /* Build configuration list for PBXNativeTarget "MobileFrameworkTests" */;
			buildPhases = (
				C090D0DA1D1AC2740051B7BC /* Sources */,
				C090D0DB1D1AC2740051B7BC /* Frameworks */,
				C090D0DC1D1AC2740051B7BC /* Resources */,
			);
			buildRules = (
			);
			dependencies = (
				C090D0E01D1AC2740051B7BC /* PBXTargetDependency */,
			);
			name = MobileFrameworkTests;
			productName = MobileFrameworkTests;
			productReference = C090D0DE1D1AC2740051B7BC /* MobileFrameworkTests.xctest */;
			productType = "com.apple.product-type.bundle.unit-test";
		};
		C090D0E81D1AC2740051B7BC /* MobileFrameworkUITests */ = {
			isa = PBXNativeTarget;
			buildConfigurationList = C090D0F81D1AC2740051B7BC /* Build configuration list for PBXNativeTarget "MobileFrameworkUITests" */;
			buildPhases = (
				C090D0E51D1AC2740051B7BC /* Sources */,
				C090D0E61D1AC2740051B7BC /* Frameworks */,
				C090D0E71D1AC2740051B7BC /* Resources */,
			);
			buildRules = (
			);
			dependencies = (
				C090D0EB1D1AC2740051B7BC /* PBXTargetDependency */,
			);
			name = MobileFrameworkUITests;
			productName = MobileFrameworkUITests;
			productReference = C090D0E91D1AC2740051B7BC /* MobileFrameworkUITests.xctest */;
			productType = "com.apple.product-type.bundle.ui-testing";
		};
/* End PBXNativeTarget section */

/* Begin PBXProject section */
		C090D0BD1D1AC2740051B7BC /* Project object */ = {
			isa = PBXProject;
			attributes = {
				LastUpgradeCheck = 0730;
				ORGANIZATIONNAME = songChen;
				TargetAttributes = {
					C090D0C41D1AC2740051B7BC = {
						CreatedOnToolsVersion = 7.3;
						DevelopmentTeam = R4779B7T88;
					};
					C090D0DD1D1AC2740051B7BC = {
						CreatedOnToolsVersion = 7.3;
						DevelopmentTeam = R4779B7T88;
						TestTargetID = C090D0C41D1AC2740051B7BC;
					};
					C090D0E81D1AC2740051B7BC = {
						CreatedOnToolsVersion = 7.3;
						DevelopmentTeam = R4779B7T88;
						TestTargetID = C090D0C41D1AC2740051B7BC;
					};
				};
			};
			buildConfigurationList = C090D0C01D1AC2740051B7BC /* Build configuration list for PBXProject "MobileFramework" */;
			compatibilityVersion = "Xcode 3.2";
			developmentRegion = English;
			hasScannedForEncodings = 0;
			knownRegions = (
				en,
				Base,
			);
			mainGroup = C090D0BC1D1AC2740051B7BC;
			productRefGroup = C090D0C61D1AC2740051B7BC /* Products */;
			projectDirPath = "";
			projectRoot = "";
			targets = (
				C090D0C41D1AC2740051B7BC /* MobileFramework */,
				C090D0DD1D1AC2740051B7BC /* MobileFrameworkTests */,
				C090D0E81D1AC2740051B7BC /* MobileFrameworkUITests */,
			);
		};
/* End PBXProject section */

/* Begin PBXResourcesBuildPhase section */
		C090D0C31D1AC2740051B7BC /* Resources */ = {
			isa = PBXResourcesBuildPhase;
			buildActionMask = 2147483647;
			files = (
				C090D0D81D1AC2740051B7BC /* LaunchScreen.storyboard in Resources */,
				C090D0D51D1AC2740051B7BC /* Assets.xcassets in Resources */,
				C090D0D31D1AC2740051B7BC /* Main.storyboard in Resources */,
			);
			runOnlyForDeploymentPostprocessing = 0;
		};
		C090D0DC1D1AC2740051B7BC /* Resources */ = {
			isa = PBXResourcesBuildPhase;
			buildActionMask = 2147483647;
			files = (
			);
			runOnlyForDeploymentPostprocessing = 0;
		};
		C090D0E71D1AC2740051B7BC /* Resources */ = {
			isa = PBXResourcesBuildPhase;
			buildActionMask = 2147483647;
			files = (
			);
			runOnlyForDeploymentPostprocessing = 0;
		};
/* End PBXResourcesBuildPhase section */

/* Begin PBXShellScriptBuildPhase section */
		608566381BE30F751A857DFC /* Copy Pods Resources */ = {
			isa = PBXShellScriptBuildPhase;
			buildActionMask = 2147483647;
			files = (
			);
			inputPaths = (
			);
			name = "Copy Pods Resources";
			outputPaths = (
			);
			runOnlyForDeploymentPostprocessing = 0;
			shellPath = /bin/sh;
			shellScript = "\"${SRCROOT}/Pods/Target Support Files/Pods/Pods-resources.sh\"\n";
			showEnvVarsInLog = 0;
		};
		7675F01010EE16D7B01A6B0B /* Embed Pods Frameworks */ = {
			isa = PBXShellScriptBuildPhase;
			buildActionMask = 2147483647;
			files = (
			);
			inputPaths = (
			);
			name = "Embed Pods Frameworks";
			outputPaths = (
			);
			runOnlyForDeploymentPostprocessing = 0;
			shellPath = /bin/sh;
			shellScript = "\"${SRCROOT}/Pods/Target Support Files/Pods/Pods-frameworks.sh\"\n";
			showEnvVarsInLog = 0;
		};
		A4EC66E4D9C9D8015DCC5890 /* Check Pods Manifest.lock */ = {
			isa = PBXShellScriptBuildPhase;
			buildActionMask = 2147483647;
			files = (
			);
			inputPaths = (
			);
			name = "Check Pods Manifest.lock";
			outputPaths = (
			);
			runOnlyForDeploymentPostprocessing = 0;
			shellPath = /bin/sh;
			shellScript = "diff \"${PODS_ROOT}/../Podfile.lock\" \"${PODS_ROOT}/Manifest.lock\" > /dev/null\nif [[ $? != 0 ]] ; then\n    cat << EOM\nerror: The sandbox is not in sync with the Podfile.lock. Run 'pod install' or update your CocoaPods installation.\nEOM\n    exit 1\nfi\n";
			showEnvVarsInLog = 0;
		};
/* End PBXShellScriptBuildPhase section */

/* Begin PBXSourcesBuildPhase section */
		C090D0C11D1AC2740051B7BC /* Sources */ = {
			isa = PBXSourcesBuildPhase;
			buildActionMask = 2147483647;
			files = (
				C0D91C8C1D7FF2DE005BFFC7 /* UIButton+EdgeInsets.m in Sources */,
				C0D91C931D7FF2DE005BFFC7 /* UIView+Utility.m in Sources */,
				C0D91CA71D7FF925005BFFC7 /* BaseUIView.m in Sources */,
				C090D0D01D1AC2740051B7BC /* FirstViewController.m in Sources */,
				C0D91C8F1D7FF2DE005BFFC7 /* UIImage+help.m in Sources */,
				C0D91C701D7FEEBE005BFFC7 /* RootTabbarController.m in Sources */,
				C0D91C8D1D7FF2DE005BFFC7 /* UIButton+EnlargeEdge.m in Sources */,
				C0D91C8E1D7FF2DE005BFFC7 /* UIColor+Utility.m in Sources */,
				C0D91C771D7FF14F005BFFC7 /* ThirdViewController.m in Sources */,
				C0D91C6D1D7FEEB0005BFFC7 /* BaseViewController.m in Sources */,
				C0D91C901D7FF2DE005BFFC7 /* UIImage+Utility.m in Sources */,
				C0D91C741D7FF102005BFFC7 /* SecondViewController.m in Sources */,
				C0D91C691D7FEE5B005BFFC7 /* RootNavigationController.m in Sources */,
				C0D91C911D7FF2DE005BFFC7 /* UILabel+Utility.m in Sources */,
				C0D91C981D7FF33C005BFFC7 /* NSDate+Utilities.m in Sources */,
				C0D91C921D7FF2DE005BFFC7 /* UIView+Tips.m in Sources */,
				C0D91C991D7FF33C005BFFC7 /* NSString+Utility.m in Sources */,
				C0D91C7A1D7FF19B005BFFC7 /* FourthViewController.m in Sources */,
				C090D0CD1D1AC2740051B7BC /* AppDelegate.m in Sources */,
				C0D91C9D1D7FF4B2005BFFC7 /* BaseParaManager.m in Sources */,
				C090D0CA1D1AC2740051B7BC /* main.m in Sources */,
			);
			runOnlyForDeploymentPostprocessing = 0;
		};
		C090D0DA1D1AC2740051B7BC /* Sources */ = {
			isa = PBXSourcesBuildPhase;
			buildActionMask = 2147483647;
			files = (
				C090D0E31D1AC2740051B7BC /* MobileFrameworkTests.m in Sources */,
			);
			runOnlyForDeploymentPostprocessing = 0;
		};
		C090D0E51D1AC2740051B7BC /* Sources */ = {
			isa = PBXSourcesBuildPhase;
			buildActionMask = 2147483647;
			files = (
				C090D0EE1D1AC2740051B7BC /* MobileFrameworkUITests.m in Sources */,
			);
			runOnlyForDeploymentPostprocessing = 0;
		};
/* End PBXSourcesBuildPhase section */

/* Begin PBXTargetDependency section */
		C090D0E01D1AC2740051B7BC /* PBXTargetDependency */ = {
			isa = PBXTargetDependency;
			target = C090D0C41D1AC2740051B7BC /* MobileFramework */;
			targetProxy = C090D0DF1D1AC2740051B7BC /* PBXContainerItemProxy */;
		};
		C090D0EB1D1AC2740051B7BC /* PBXTargetDependency */ = {
			isa = PBXTargetDependency;
			target = C090D0C41D1AC2740051B7BC /* MobileFramework */;
			targetProxy = C090D0EA1D1AC2740051B7BC /* PBXContainerItemProxy */;
		};
/* End PBXTargetDependency section */

/* Begin PBXVariantGroup section */
		C090D0D11D1AC2740051B7BC /* Main.storyboard */ = {
			isa = PBXVariantGroup;
			children = (
				C090D0D21D1AC2740051B7BC /* Base */,
			);
			name = Main.storyboard;
			sourceTree = "<group>";
		};
		C090D0D61D1AC2740051B7BC /* LaunchScreen.storyboard */ = {
			isa = PBXVariantGroup;
			children = (
				C090D0D71D1AC2740051B7BC /* Base */,
			);
			name = LaunchScreen.storyboard;
			sourceTree = "<group>";
		};
/* End PBXVariantGroup section */

/* Begin XCBuildConfiguration section */
		C090D0F01D1AC2740051B7BC /* Debug */ = {
			isa = XCBuildConfiguration;
			buildSettings = {
				ALWAYS_SEARCH_USER_PATHS = NO;
				CLANG_ANALYZER_NONNULL = YES;
				CLANG_CXX_LANGUAGE_STANDARD = "gnu++0x";
				CLANG_CXX_LIBRARY = "libc++";
				CLANG_ENABLE_MODULES = YES;
				CLANG_ENABLE_OBJC_ARC = YES;
				CLANG_WARN_BOOL_CONVERSION = YES;
				CLANG_WARN_CONSTANT_CONVERSION = YES;
				CLANG_WARN_DIRECT_OBJC_ISA_USAGE = YES_ERROR;
				CLANG_WARN_EMPTY_BODY = YES;
				CLANG_WARN_ENUM_CONVERSION = YES;
				CLANG_WARN_INT_CONVERSION = YES;
				CLANG_WARN_OBJC_ROOT_CLASS = YES_ERROR;
				CLANG_WARN_UNREACHABLE_CODE = YES;
				CLANG_WARN__DUPLICATE_METHOD_MATCH = YES;
				"CODE_SIGN_IDENTITY[sdk=iphoneos*]" = "iPhone Developer";
				COPY_PHASE_STRIP = NO;
				DEBUG_INFORMATION_FORMAT = dwarf;
				ENABLE_STRICT_OBJC_MSGSEND = YES;
				ENABLE_TESTABILITY = YES;
				GCC_C_LANGUAGE_STANDARD = gnu99;
				GCC_DYNAMIC_NO_PIC = NO;
				GCC_NO_COMMON_BLOCKS = YES;
				GCC_OPTIMIZATION_LEVEL = 0;
				GCC_PREPROCESSOR_DEFINITIONS = (
					"DEBUG=1",
					"$(inherited)",
				);
				GCC_WARN_64_TO_32_BIT_CONVERSION = YES;
				GCC_WARN_ABOUT_RETURN_TYPE = YES_ERROR;
				GCC_WARN_UNDECLARED_SELECTOR = YES;
				GCC_WARN_UNINITIALIZED_AUTOS = YES_AGGRESSIVE;
				GCC_WARN_UNUSED_FUNCTION = YES;
				GCC_WARN_UNUSED_VARIABLE = YES;
				IPHONEOS_DEPLOYMENT_TARGET = 9.3;
				MTL_ENABLE_DEBUG_INFO = YES;
				ONLY_ACTIVE_ARCH = YES;
				SDKROOT = iphoneos;
			};
			name = Debug;
		};
		C090D0F11D1AC2740051B7BC /* Release */ = {
			isa = XCBuildConfiguration;
			buildSettings = {
				ALWAYS_SEARCH_USER_PATHS = NO;
				CLANG_ANALYZER_NONNULL = YES;
				CLANG_CXX_LANGUAGE_STANDARD = "gnu++0x";
				CLANG_CXX_LIBRARY = "libc++";
				CLANG_ENABLE_MODULES = YES;
				CLANG_ENABLE_OBJC_ARC = YES;
				CLANG_WARN_BOOL_CONVERSION = YES;
				CLANG_WARN_CONSTANT_CONVERSION = YES;
				CLANG_WARN_DIRECT_OBJC_ISA_USAGE = YES_ERROR;
				CLANG_WARN_EMPTY_BODY = YES;
				CLANG_WARN_ENUM_CONVERSION = YES;
				CLANG_WARN_INT_CONVERSION = YES;
				CLANG_WARN_OBJC_ROOT_CLASS = YES_ERROR;
				CLANG_WARN_UNREACHABLE_CODE = YES;
				CLANG_WARN__DUPLICATE_METHOD_MATCH = YES;
				"CODE_SIGN_IDENTITY[sdk=iphoneos*]" = "iPhone Developer";
				COPY_PHASE_STRIP = NO;
				DEBUG_INFORMATION_FORMAT = "dwarf-with-dsym";
				ENABLE_NS_ASSERTIONS = NO;
				ENABLE_STRICT_OBJC_MSGSEND = YES;
				GCC_C_LANGUAGE_STANDARD = gnu99;
				GCC_NO_COMMON_BLOCKS = YES;
				GCC_WARN_64_TO_32_BIT_CONVERSION = YES;
				GCC_WARN_ABOUT_RETURN_TYPE = YES_ERROR;
				GCC_WARN_UNDECLARED_SELECTOR = YES;
				GCC_WARN_UNINITIALIZED_AUTOS = YES_AGGRESSIVE;
				GCC_WARN_UNUSED_FUNCTION = YES;
				GCC_WARN_UNUSED_VARIABLE = YES;
				IPHONEOS_DEPLOYMENT_TARGET = 9.3;
				MTL_ENABLE_DEBUG_INFO = NO;
				SDKROOT = iphoneos;
				VALIDATE_PRODUCT = YES;
			};
			name = Release;
		};
		C090D0F31D1AC2740051B7BC /* Debug */ = {
			isa = XCBuildConfiguration;
			baseConfigurationReference = FA924D10D5975BE211E1D37F /* Pods.debug.xcconfig */;
			buildSettings = {
				ASSETCATALOG_COMPILER_APPICON_NAME = AppIcon;
				GCC_PRECOMPILE_PREFIX_HEADER = YES;
				GCC_PREFIX_HEADER = /Users/pro/Public/Mobile/PrefixHeader.pch;
				INFOPLIST_FILE = MobileFramework/Info.plist;
				LD_RUNPATH_SEARCH_PATHS = "$(inherited) @executable_path/Frameworks";
				PRODUCT_BUNDLE_IDENTIFIER = com.chenjs.MobileFramework;
				PRODUCT_NAME = "$(TARGET_NAME)";
			};
			name = Debug;
		};
		C090D0F41D1AC2740051B7BC /* Release */ = {
			isa = XCBuildConfiguration;
			baseConfigurationReference = 3640AFFB515963682F091606 /* Pods.release.xcconfig */;
			buildSettings = {
				ASSETCATALOG_COMPILER_APPICON_NAME = AppIcon;
				GCC_PRECOMPILE_PREFIX_HEADER = YES;
				GCC_PREFIX_HEADER = /Users/pro/Public/Mobile/PrefixHeader.pch;
				INFOPLIST_FILE = MobileFramework/Info.plist;
				LD_RUNPATH_SEARCH_PATHS = "$(inherited) @executable_path/Frameworks";
				PRODUCT_BUNDLE_IDENTIFIER = com.chenjs.MobileFramework;
				PRODUCT_NAME = "$(TARGET_NAME)";
			};
			name = Release;
		};
		C090D0F61D1AC2740051B7BC /* Debug */ = {
			isa = XCBuildConfiguration;
			buildSettings = {
				BUNDLE_LOADER = "$(TEST_HOST)";
				INFOPLIST_FILE = MobileFrameworkTests/Info.plist;
				LD_RUNPATH_SEARCH_PATHS = "$(inherited) @executable_path/Frameworks @loader_path/Frameworks";
				PRODUCT_BUNDLE_IDENTIFIER = com.chenjs.MobileFrameworkTests;
				PRODUCT_NAME = "$(TARGET_NAME)";
				TEST_HOST = "$(BUILT_PRODUCTS_DIR)/MobileFramework.app/MobileFramework";
			};
			name = Debug;
		};
		C090D0F71D1AC2740051B7BC /* Release */ = {
			isa = XCBuildConfiguration;
			buildSettings = {
				BUNDLE_LOADER = "$(TEST_HOST)";
				INFOPLIST_FILE = MobileFrameworkTests/Info.plist;
				LD_RUNPATH_SEARCH_PATHS = "$(inherited) @executable_path/Frameworks @loader_path/Frameworks";
				PRODUCT_BUNDLE_IDENTIFIER = com.chenjs.MobileFrameworkTests;
				PRODUCT_NAME = "$(TARGET_NAME)";
				TEST_HOST = "$(BUILT_PRODUCTS_DIR)/MobileFramework.app/MobileFramework";
			};
			name = Release;
		};
		C090D0F91D1AC2740051B7BC /* Debug */ = {
			isa = XCBuildConfiguration;
			buildSettings = {
				INFOPLIST_FILE = MobileFrameworkUITests/Info.plist;
				LD_RUNPATH_SEARCH_PATHS = "$(inherited) @executable_path/Frameworks @loader_path/Frameworks";
				PRODUCT_BUNDLE_IDENTIFIER = com.chenjs.MobileFrameworkUITests;
				PRODUCT_NAME = "$(TARGET_NAME)";
				TEST_TARGET_NAME = MobileFramework;
			};
			name = Debug;
		};
		C090D0FA1D1AC2740051B7BC /* Release */ = {
			isa = XCBuildConfiguration;
			buildSettings = {
				INFOPLIST_FILE = MobileFrameworkUITests/Info.plist;
				LD_RUNPATH_SEARCH_PATHS = "$(inherited) @executable_path/Frameworks @loader_path/Frameworks";
				PRODUCT_BUNDLE_IDENTIFIER = com.chenjs.MobileFrameworkUITests;
				PRODUCT_NAME = "$(TARGET_NAME)";
				TEST_TARGET_NAME = MobileFramework;
			};
			name = Release;
		};
/* End XCBuildConfiguration section */

/* Begin XCConfigurationList section */
		C090D0C01D1AC2740051B7BC /* Build configuration list for PBXProject "MobileFramework" */ = {
			isa = XCConfigurationList;
			buildConfigurations = (
				C090D0F01D1AC2740051B7BC /* Debug */,
				C090D0F11D1AC2740051B7BC /* Release */,
			);
			defaultConfigurationIsVisible = 0;
			defaultConfigurationName = Release;
		};
		C090D0F21D1AC2740051B7BC /* Build configuration list for PBXNativeTarget "MobileFramework" */ = {
			isa = XCConfigurationList;
			buildConfigurations = (
				C090D0F31D1AC2740051B7BC /* Debug */,
				C090D0F41D1AC2740051B7BC /* Release */,
			);
			defaultConfigurationIsVisible = 0;
			defaultConfigurationName = Release;
		};
		C090D0F51D1AC2740051B7BC /* Build configuration list for PBXNativeTarget "MobileFrameworkTests" */ = {
			isa = XCConfigurationList;
			buildConfigurations = (
				C090D0F61D1AC2740051B7BC /* Debug */,
				C090D0F71D1AC2740051B7BC /* Release */,
			);
			defaultConfigurationIsVisible = 0;
			defaultConfigurationName = Release;
		};
		C090D0F81D1AC2740051B7BC /* Build configuration list for PBXNativeTarget "MobileFrameworkUITests" */ = {
			isa = XCConfigurationList;
			buildConfigurations = (
				C090D0F91D1AC2740051B7BC /* Debug */,
				C090D0FA1D1AC2740051B7BC /* Release */,
			);
			defaultConfigurationIsVisible = 0;
			defaultConfigurationName = Release;
		};
/* End XCConfigurationList section */
	};
	rootObject = C090D0BD1D1AC2740051B7BC /* Project object */;
}
